{
  "nodes": {
    "flake-parts": {
      "inputs": {
        "nixpkgs-lib": [
          "nixpkgs"
        ]
      },
      "locked": {
        "lastModified": 1762040540,
        "narHash": "sha256-z5PlZ47j50VNF3R+IMS9LmzI5fYRGY/Z5O5tol1c9I4=",
        "owner": "hercules-ci",
        "repo": "flake-parts",
        "rev": "0010412d62a25d959151790968765a70c436598b",
        "type": "github"
      },
      "original": {
        "owner": "hercules-ci",
        "repo": "flake-parts",
        "type": "github"
      }
    },
    "flake-parts_2": {
      "inputs": {
        "nixpkgs-lib": [
          "neovim-nightly-overlay",
          "nixpkgs"
        ]
      },
      "locked": {
        "lastModified": 1762040540,
        "narHash": "sha256-z5PlZ47j50VNF3R+IMS9LmzI5fYRGY/Z5O5tol1c9I4=",
        "owner": "hercules-ci",
        "repo": "flake-parts",
        "rev": "0010412d62a25d959151790968765a70c436598b",
        "type": "github"
      },
      "original": {
        "owner": "hercules-ci",
        "repo": "flake-parts",
        "type": "github"
      }
    },
    "import-tree": {
      "locked": {
        "lastModified": 1761120675,
        "narHash": "sha256-TEbh9zISiQcU82VwVoEbmXHnSGlUxTwvjJA9g9ErSDA=",
        "owner": "vic",
        "repo": "import-tree",
        "rev": "a037ed2a58fc0ebed9e93b9ef79b0646e648f719",
        "type": "github"
      },
      "original": {
        "owner": "vic",
        "repo": "import-tree",
        "type": "github"
      }
    },
    "neovim-nightly-overlay": {
      "inputs": {
        "flake-parts": "flake-parts_2",
        "neovim-src": "neovim-src",
        "nixpkgs": [
          "nixpkgs"
        ]
      },
      "locked": {
        "lastModified": 1762041886,
        "narHash": "sha256-AfQcsHsxOEwMQCO++mfQGJTNFoo0FpIAizhqflDHz/E=",
        "owner": "nix-community",
        "repo": "neovim-nightly-overlay",
        "rev": "3c2b23d87b7e57d384ed899a87f04f0985ece3f2",
        "type": "github"
      },
      "original": {
        "owner": "nix-community",
        "repo": "neovim-nightly-overlay",
        "type": "github"
      }
    },
    "neovim-src": {
      "flake": false,
      "locked": {
        "lastModified": 1762038680,
        "narHash": "sha256-urivaD3khXn2FoFIUkI3zF3vxM7EkaUSqS4BZA69Mf0=",
        "owner": "neovim",
        "repo": "neovim",
        "rev": "a4988bb3cd2d69ce3c934c2a1cf8aa7b16bab29b",
        "type": "github"
      },
      "original": {
        "owner": "neovim",
        "repo": "neovim",
        "type": "github"
      }
    },
    "nixpkgs": {
      "locked": {
        "lastModified": 1761597516,
        "narHash": "sha256-wxX7u6D2rpkJLWkZ2E932SIvDJW8+ON/0Yy8+a5vsDU=",
        "owner": "NixOs",
        "repo": "nixpkgs",
        "rev": "daf6dc47aa4b44791372d6139ab7b25269184d55",
        "type": "github"
      },
      "original": {
        "owner": "NixOs",
        "ref": "nixos-25.05",
        "repo": "nixpkgs",
        "type": "github"
      }
    },
    "nixpkgs_2": {
      "locked": {
        "lastModified": 1761656231,
        "narHash": "sha256-EiED5k6gXTWoAIS8yQqi5mAX6ojnzpHwAQTS3ykeYMg=",
        "owner": "NixOS",
        "repo": "nixpkgs",
        "rev": "e99366c665bdd53b7b500ccdc5226675cfc51f45",
        "type": "github"
      },
      "original": {
        "owner": "NixOS",
        "ref": "nixpkgs-unstable",
        "repo": "nixpkgs",
        "type": "github"
      }
    },
    "nixvim": {
      "inputs": {
        "flake-parts": [
          "flake-parts"
        ],
        "nixpkgs": "nixpkgs_2",
        "nuschtosSearch": [],
        "systems": "systems"
      },
      "locked": {
        "lastModified": 1762041710,
        "narHash": "sha256-DRLLVmPzfWJx9x3FyHX7IkuY56C2M9ENcqbzcCvQKlU=",
        "owner": "nix-community",
        "repo": "nixvim",
        "rev": "d3118a96caae448ba4b362ee7d54b2e702f7739a",
        "type": "github"
      },
      "original": {
        "owner": "nix-community",
        "repo": "nixvim",
        "type": "github"
      }
    },
    "pkgs-by-name-for-flake-parts": {
      "locked": {
        "lastModified": 1743779435,
        "narHash": "sha256-5eaQ3iKcwUbLw7pOJJqV85qgf5L+ihfsISrifGM7czQ=",
        "owner": "drupol",
        "repo": "pkgs-by-name-for-flake-parts",
        "rev": "477b3e8f981e3d7bac9d297e64796c918942f744",
        "type": "github"
      },
      "original": {
        "owner": "drupol",
        "repo": "pkgs-by-name-for-flake-parts",
        "type": "github"
      }
    },
    "root": {
      "inputs": {
        "flake-parts": "flake-parts",
        "import-tree": "import-tree",
        "neovim-nightly-overlay": "neovim-nightly-overlay",
        "nixpkgs": "nixpkgs",
        "nixvim": "nixvim",
        "pkgs-by-name-for-flake-parts": "pkgs-by-name-for-flake-parts"
      }
    },
    "systems": {
      "locked": {
        "lastModified": 1681028828,
        "narHash": "sha256-Vy1rq5AaRuLzOxct8nz4T6wlgyUR7zLU309k9mBC768=",
        "owner": "nix-systems",
        "repo": "default",
        "rev": "da67096a3b9bf56a91d16901293e51ba5b49a27e",
        "type": "github"
      },
      "original": {
        "owner": "nix-systems",
        "repo": "default",
        "type": "github"
      }
    }
  },
  "root": "root",
  "version": 7
}
