{
  "nodes": {
    "crane": {
      "locked": {
        "lastModified": 1780099841,
        "narHash": "sha256-EVZd2RsbpreRUDSi9rBwPY+ZxoyMaiEBbZxxhljbaS4=",
        "owner": "ipetkov",
        "repo": "crane",
        "rev": "0532eb17955225173906d671fb36306bdeb1e2dc",
        "type": "github"
      },
      "original": {
        "owner": "ipetkov",
        "repo": "crane",
        "type": "github"
      }
    },
    "devshell": {
      "inputs": {
        "nixpkgs": [
          "mcp-companion",
          "nixpkgs"
        ]
      },
      "locked": {
        "lastModified": 1768818222,
        "narHash": "sha256-460jc0+CZfyaO8+w8JNtlClB2n4ui1RbHfPTLkpwhU8=",
        "owner": "numtide",
        "repo": "devshell",
        "rev": "255a2b1725a20d060f566e4755dbf571bbbb5f76",
        "type": "github"
      },
      "original": {
        "owner": "numtide",
        "repo": "devshell",
        "type": "github"
      }
    },
    "flake-compat": {
      "flake": false,
      "locked": {
        "lastModified": 1767039857,
        "narHash": "sha256-vNpUSpF5Nuw8xvDLj2KCwwksIbjua2LZCqhV1LNRDns=",
        "owner": "NixOS",
        "repo": "flake-compat",
        "rev": "5edf11c44bc78a0d334f6334cdaf7d60d732daab",
        "type": "github"
      },
      "original": {
        "owner": "NixOS",
        "repo": "flake-compat",
        "type": "github"
      }
    },
    "flake-parts": {
      "inputs": {
        "nixpkgs-lib": [
          "nixpkgs"
        ]
      },
      "locked": {
        "lastModified": 1787559586,
        "narHash": "sha256-onL0VLf9vPllmT0H/OlURIU5r5t5WIEl7t4tVNKT0Nw=",
        "owner": "hercules-ci",
        "repo": "flake-parts",
        "rev": "9d0d87172c374f89da73c1cfe6d81ae62feac1f1",
        "type": "github"
      },
      "original": {
        "owner": "hercules-ci",
        "repo": "flake-parts",
        "type": "github"
      }
    },
    "flake-parts_2": {
      "inputs": {
        "nixpkgs-lib": [
          "neovim-nightly-overlay",
          "nixpkgs"
        ]
      },
      "locked": {
        "lastModified": 1787559586,
        "narHash": "sha256-onL0VLf9vPllmT0H/OlURIU5r5t5WIEl7t4tVNKT0Nw=",
        "owner": "hercules-ci",
        "repo": "flake-parts",
        "rev": "9d0d87172c374f89da73c1cfe6d81ae62feac1f1",
        "type": "github"
      },
      "original": {
        "owner": "hercules-ci",
        "repo": "flake-parts",
        "type": "github"
      }
    },
    "git-hooks": {
      "inputs": {
        "flake-compat": "flake-compat",
        "nixpkgs": [
          "rustowl-flake",
          "nixpkgs"
        ]
      },
      "locked": {
        "lastModified": 1787424939,
        "narHash": "sha256-O2tBn84NNuHrnqNVxx/XqsXwfYvS1YwBh+7CBnbCYsk=",
        "owner": "cachix",
        "repo": "git-hooks.nix",
        "rev": "809414f0cdadf82cf11b06c2b29ba9b3168b3297",
        "type": "github"
      },
      "original": {
        "owner": "cachix",
        "repo": "git-hooks.nix",
        "type": "github"
      }
    },
    "import-tree": {
      "locked": {
        "lastModified": 1784254960,
        "narHash": "sha256-iI88R3wHz8wTKQb5orvpc51L/Xr64AJyxid/0MKa/b8=",
        "owner": "vic",
        "repo": "import-tree",
        "rev": "4ebb10ae17d5f1ad366e7aef5b92cb8eecf24f69",
        "type": "github"
      },
      "original": {
        "owner": "vic",
        "repo": "import-tree",
        "type": "github"
      }
    },
    "mcp-companion": {
      "inputs": {
        "devshell": "devshell",
        "flake-parts": [
          "flake-parts"
        ],
        "nixpkgs": [
          "nixpkgs"
        ],
        "pyproject-build-systems": "pyproject-build-systems",
        "pyproject-nix": "pyproject-nix",
        "treefmt-nix": "treefmt-nix",
        "uv2nix": "uv2nix"
      },
      "locked": {
        "lastModified": 1787509751,
        "narHash": "sha256-nthXRZrw7ZzaY9OK8XRzTpVuuV3ZHAmjadE7akXys5g=",
        "owner": "georgeharker",
        "repo": "mcp-companion",
        "rev": "94daa6daf8ba6412f9edf242cd6001d47e39e05a",
        "type": "github"
      },
      "original": {
        "owner": "georgeharker",
        "repo": "mcp-companion",
        "type": "github"
      }
    },
    "neovim-nightly-overlay": {
      "inputs": {
        "flake-parts": "flake-parts_2",
        "neovim-src": "neovim-src",
        "nixpkgs": [
          "nixpkgs"
        ]
      },
      "locked": {
        "lastModified": 1788159151,
        "narHash": "sha256-kGHPsQCTNb/c+LfjvqSPQwOIejBGM843MFry5daI7cM=",
        "owner": "nix-community",
        "repo": "neovim-nightly-overlay",
        "rev": "6ae36a8e30c31233b8f722f341436c1c5c4be7b4",
        "type": "github"
      },
      "original": {
        "owner": "nix-community",
        "repo": "neovim-nightly-overlay",
        "type": "github"
      }
    },
    "neovim-src": {
      "flake": false,
      "locked": {
        "lastModified": 1788133114,
        "narHash": "sha256-dn0tY0j5sR6M3i6GkJIOxlIbiN8eHCFqv7emkR+cDHw=",
        "owner": "neovim",
        "repo": "neovim",
        "rev": "b542f3a8f8689a9a033411456fb1c6576916c66b",
        "type": "github"
      },
      "original": {
        "owner": "neovim",
        "repo": "neovim",
        "type": "github"
      }
    },
    "nixpkgs": {
      "locked": {
        "lastModified": 1787964612,
        "narHash": "sha256-0N9nghg3nwzX6b6qc77EzjR9cu/Z+UR66FlfsCqiURs=",
        "owner": "NixOs",
        "repo": "nixpkgs",
        "rev": "e8be7818e19ada32105a8af937a6a473b38167ca",
        "type": "github"
      },
      "original": {
        "owner": "NixOs",
        "ref": "nixpkgs-unstable",
        "repo": "nixpkgs",
        "type": "github"
      }
    },
    "nixpkgs_2": {
      "locked": {
        "lastModified": 1787631388,
        "narHash": "sha256-vMiXptXarfSdJb1Gkc+FYVOAibuBRj7qxGa8z68q1Uw=",
        "owner": "NixOS",
        "repo": "nixpkgs",
        "rev": "ac6b2166e7a9375683b8e98f860f273222337b16",
        "type": "github"
      },
      "original": {
        "owner": "NixOS",
        "ref": "nixpkgs-unstable",
        "repo": "nixpkgs",
        "type": "github"
      }
    },
    "nixpkgs_3": {
      "locked": {
        "lastModified": 1744536153,
        "narHash": "sha256-awS2zRgF4uTwrOKwwiJcByDzDOdo3Q1rPZbiHQg/N38=",
        "owner": "NixOS",
        "repo": "nixpkgs",
        "rev": "18dd725c29603f582cf1900e0d25f9f1063dbf11",
        "type": "github"
      },
      "original": {
        "owner": "NixOS",
        "ref": "nixpkgs-unstable",
        "repo": "nixpkgs",
        "type": "github"
      }
    },
    "nixvim": {
      "inputs": {
        "flake-parts": [
          "flake-parts"
        ],
        "nixpkgs": "nixpkgs_2",
        "systems": "systems"
      },
      "locked": {
        "lastModified": 1788190018,
        "narHash": "sha256-59BAfH0txPAZrPBF4QJqwvUWppD+ICrcjA1LZAmPnrQ=",
        "owner": "nix-community",
        "repo": "nixvim",
        "rev": "41844750e55f17b1385d5b09ca7ade5f11f49506",
        "type": "github"
      },
      "original": {
        "owner": "nix-community",
        "repo": "nixvim",
        "type": "github"
      }
    },
    "pkgs-by-name-for-flake-parts": {
      "locked": {
        "lastModified": 1769286518,
        "narHash": "sha256-F7VlUICvYp2wJKyQqM6d46BNEZCzMQ6dMH9zbmjuybc=",
        "owner": "drupol",
        "repo": "pkgs-by-name-for-flake-parts",
        "rev": "7ba1cd4a9a72c9c6c272018a63f090f2c912a171",
        "type": "github"
      },
      "original": {
        "owner": "drupol",
        "repo": "pkgs-by-name-for-flake-parts",
        "type": "github"
      }
    },
    "pyproject-build-systems": {
      "inputs": {
        "nixpkgs": [
          "mcp-companion",
          "nixpkgs"
        ],
        "pyproject-nix": [
          "mcp-companion",
          "pyproject-nix"
        ],
        "uv2nix": [
          "mcp-companion",
          "uv2nix"
        ]
      },
      "locked": {
        "lastModified": 1779676664,
        "narHash": "sha256-MbXylBTkWqVm8/VYjoULtMoVRgWBN1gSHbeRKsOsPlU=",
        "owner": "pyproject-nix",
        "repo": "build-system-pkgs",
        "rev": "7bff980f37fc24e09dbc986643719900c139bf12",
        "type": "github"
      },
      "original": {
        "owner": "pyproject-nix",
        "repo": "build-system-pkgs",
        "type": "github"
      }
    },
    "pyproject-nix": {
      "inputs": {
        "nixpkgs": [
          "mcp-companion",
          "nixpkgs"
        ]
      },
      "locked": {
        "lastModified": 1778901413,
        "narHash": "sha256-GSKXTAnFqRAMlZkJrIPcQMYf+lpMr66K3i60mB9STvc=",
        "owner": "pyproject-nix",
        "repo": "pyproject.nix",
        "rev": "a228447c3e179d477c1b6246ef3efa8cfe3c469a",
        "type": "github"
      },
      "original": {
        "owner": "pyproject-nix",
        "repo": "pyproject.nix",
        "type": "github"
      }
    },
    "root": {
      "inputs": {
        "flake-parts": "flake-parts",
        "import-tree": "import-tree",
        "mcp-companion": "mcp-companion",
        "neovim-nightly-overlay": "neovim-nightly-overlay",
        "nixpkgs": "nixpkgs",
        "nixvim": "nixvim",
        "pkgs-by-name-for-flake-parts": "pkgs-by-name-for-flake-parts",
        "rustowl-flake": "rustowl-flake",
        "sharedserver": "sharedserver",
        "systems": "systems_2"
      }
    },
    "rust-overlay": {
      "inputs": {
        "nixpkgs": "nixpkgs_3"
      },
      "locked": {
        "lastModified": 1788077403,
        "narHash": "sha256-c20YZQKzQ27qC6Wh729fWRTpI7oV4+7Ur4icKssD4Wc=",
        "owner": "oxalica",
        "repo": "rust-overlay",
        "rev": "89e26eeaafa88a2ede4778734acc794ff0299beb",
        "type": "github"
      },
      "original": {
        "owner": "oxalica",
        "repo": "rust-overlay",
        "type": "github"
      }
    },
    "rustowl": {
      "flake": false,
      "locked": {
        "lastModified": 1787563758,
        "narHash": "sha256-+p1f1Nj2rUXi5zs7FsdE0WalSeS+5cIDzzjDoaFxs0M=",
        "owner": "cordx56",
        "repo": "rustowl",
        "rev": "219d9197682c987f66397ab5c1aaad6ce118fff6",
        "type": "github"
      },
      "original": {
        "owner": "cordx56",
        "repo": "rustowl",
        "type": "github"
      }
    },
    "rustowl-flake": {
      "inputs": {
        "flake-parts": [
          "flake-parts"
        ],
        "git-hooks": "git-hooks",
        "nixpkgs": [
          "nixpkgs"
        ],
        "rust-overlay": "rust-overlay",
        "rustowl": "rustowl"
      },
      "locked": {
        "lastModified": 1788145680,
        "narHash": "sha256-qchYaYnPnZFK0TIHztDp3t1CCx1vmU8tiTG29ZrGPFI=",
        "owner": "nix-community",
        "repo": "rustowl-flake",
        "rev": "519eaa253bd38499817a140c712f1a11955f3b33",
        "type": "github"
      },
      "original": {
        "owner": "nix-community",
        "repo": "rustowl-flake",
        "type": "github"
      }
    },
    "sharedserver": {
      "inputs": {
        "crane": "crane",
        "flake-parts": [
          "flake-parts"
        ],
        "nixpkgs": [
          "nixpkgs"
        ],
        "treefmt-nix": "treefmt-nix_2"
      },
      "locked": {
        "lastModified": 1788198238,
        "narHash": "sha256-kkOL0QeKw/RUOIqCYN9QQeV8zfDIEmuCr427JVKXAJU=",
        "owner": "georgeharker",
        "repo": "sharedserver",
        "rev": "5ad5969962ff96395900287f19d1b86bcdadcbd4",
        "type": "github"
      },
      "original": {
        "owner": "georgeharker",
        "repo": "sharedserver",
        "type": "github"
      }
    },
    "systems": {
      "flake": false,
      "locked": {
        "lastModified": 1774449309,
        "narHash": "sha256-brhZ8DmuGtzkCYHJg4HEd602amKm89Y9ytsFZ5uWD1w=",
        "owner": "nix-systems",
        "repo": "default",
        "rev": "c29398b59d2048c4ab79345812849c9bd15e9150",
        "type": "github"
      },
      "original": {
        "owner": "nix-systems",
        "ref": "future-26.11",
        "repo": "default",
        "type": "github"
      }
    },
    "systems_2": {
      "locked": {
        "lastModified": 1681028828,
        "narHash": "sha256-Vy1rq5AaRuLzOxct8nz4T6wlgyUR7zLU309k9mBC768=",
        "owner": "nix-systems",
        "repo": "default",
        "rev": "da67096a3b9bf56a91d16901293e51ba5b49a27e",
        "type": "github"
      },
      "original": {
        "owner": "nix-systems",
        "repo": "default",
        "type": "github"
      }
    },
    "treefmt-nix": {
      "inputs": {
        "nixpkgs": [
          "mcp-companion",
          "nixpkgs"
        ]
      },
      "locked": {
        "lastModified": 1780220602,
        "narHash": "sha256-eynAfOmbmxJnkp7YewvCEbShNnnYJ9gLLqkzsYtBPeM=",
        "owner": "numtide",
        "repo": "treefmt-nix",
        "rev": "db947814a175b7ca6ded66e21383d938df01c227",
        "type": "github"
      },
      "original": {
        "owner": "numtide",
        "repo": "treefmt-nix",
        "type": "github"
      }
    },
    "treefmt-nix_2": {
      "inputs": {
        "nixpkgs": [
          "sharedserver",
          "nixpkgs"
        ]
      },
      "locked": {
        "lastModified": 1780220602,
        "narHash": "sha256-eynAfOmbmxJnkp7YewvCEbShNnnYJ9gLLqkzsYtBPeM=",
        "owner": "numtide",
        "repo": "treefmt-nix",
        "rev": "db947814a175b7ca6ded66e21383d938df01c227",
        "type": "github"
      },
      "original": {
        "owner": "numtide",
        "repo": "treefmt-nix",
        "type": "github"
      }
    },
    "uv2nix": {
      "inputs": {
        "nixpkgs": [
          "mcp-companion",
          "nixpkgs"
        ],
        "pyproject-nix": [
          "mcp-companion",
          "pyproject-nix"
        ]
      },
      "locked": {
        "lastModified": 1780358675,
        "narHash": "sha256-n4jX4svZwmoWpzhz3If9wkvEYKv3WuDvprE8vi57MRY=",
        "owner": "pyproject-nix",
        "repo": "uv2nix",
        "rev": "3a557a9e78cc5b11bc9a610f27da4bdd5599edfe",
        "type": "github"
      },
      "original": {
        "owner": "pyproject-nix",
        "repo": "uv2nix",
        "type": "github"
      }
    }
  },
  "root": "root",
  "version": 7
}
